
Microsoft Visual Studio Solution File, Format Version 12.00
# Visual Studio 14
VisualStudioVersion = 14.0.24720.0
MinimumVisualStudioVersion = 10.0.40219.1
Project("{FAE04EC0-301F-11D3-BF4B-00C04F79EFBC}") = "Project_TARDIS.S1_Solution", "Project_TARDIS.S1_Solution\Project_TARDIS.S1_Solution.csproj", "{8D79437F-4EB1-4FA2-AAAF-E972E2094002}"
EndProject
Project("{FAE04EC0-301F-11D3-BF4B-00C04F79EFBC}") = "Project_TARDIS.S1_Starter", "Project_TARDIS.S1_Starter\Project_TARDIS.S1_Starter.csproj", "{E1C7BE82-7D7D-4EA2-823C-6923A410F467}"
EndProject
Global
	GlobalSection(SolutionConfigurationPlatforms) = preSolution
		Debug|Any CPU = Debug|Any CPU
		Release|Any CPU = Release|Any CPU
	EndGlobalSection
	GlobalSection(ProjectConfigurationPlatforms) = postSolution
		{8D79437F-4EB1-4FA2-AAAF-E972E2094002}.Debug|Any CPU.ActiveCfg = Debug|Any CPU
		{8D79437F-4EB1-4FA2-AAAF-E972E2094002}.Debug|Any CPU.Build.0 = Debug|Any CPU
		{8D79437F-4EB1-4FA2-AAAF-E972E2094002}.Release|Any CPU.ActiveCfg = Release|Any CPU
		{8D79437F-4EB1-4FA2-AAAF-E972E2094002}.Release|Any CPU.Build.0 = Release|Any CPU
		{E1C7BE82-7D7D-4EA2-823C-6923A410F467}.Debug|Any CPU.ActiveCfg = Debug|Any CPU
		{E1C7BE82-7D7D-4EA2-823C-6923A410F467}.Debug|Any CPU.Build.0 = Debug|Any CPU
		{E1C7BE82-7D7D-4EA2-823C-6923A410F467}.Release|Any CPU.ActiveCfg = Release|Any CPU
		{E1C7BE82-7D7D-4EA2-823C-6923A410F467}.Release|Any CPU.Build.0 = Release|Any CPU
	EndGlobalSection
	GlobalSection(SolutionProperties) = preSolution
		HideSolutionNode = FALSE
	EndGlobalSection
EndGlobal
